
Microsoft Visual Studio Solution File, Format Version 12.00
# Visual Studio Version 16
VisualStudioVersion = 16.0.28803.156
MinimumVisualStudioVersion = 10.0.40219.1
Project("{888888A0-9F3D-457C-B088-3A5042F75D52}") = "CPE 350 Discrete Mathematics", "CPE 350 Discrete Mathematics\CPE 350 Discrete Mathematics.pyproj", "{14F07A11-E099-4AAF-AA4B-DE76B02D8026}"
EndProject
Global
	GlobalSection(SolutionConfigurationPlatforms) = preSolution
		Debug|Any CPU = Debug|Any CPU
		Release|Any CPU = Release|Any CPU
	EndGlobalSection
	GlobalSection(ProjectConfigurationPlatforms) = postSolution
		{14F07A11-E099-4AAF-AA4B-DE76B02D8026}.Debug|Any CPU.ActiveCfg = Debug|Any CPU
		{14F07A11-E099-4AAF-AA4B-DE76B02D8026}.Release|Any CPU.ActiveCfg = Release|Any CPU
	EndGlobalSection
	GlobalSection(SolutionProperties) = preSolution
		HideSolutionNode = FALSE
	EndGlobalSection
	GlobalSection(ExtensibilityGlobals) = postSolution
		SolutionGuid = {AC795835-5BF2-4AB9-9F19-FA2D4E7FF7DE}
	EndGlobalSection
EndGlobal
